# This file was autogenerated by uv via the following command:
#    uv pip compile --output-file requirements.lock requirements.in
aiohappyeyeballs==2.6.1
    # via aiohttp
aiohttp==3.13.3
    # via
    #   fsspec
    #   langchain-community
    #   vllm
aiosignal==1.4.0
    # via aiohttp
annotated-doc==0.0.4
    # via
    #   fastapi
    #   typer
annotated-types==0.7.0
    # via pydantic
anthropic==0.86.0
    # via vllm
anyio==4.13.0
    # via
    #   anthropic
    #   httpx
    #   jupyter-server
    #   mcp
    #   openai
    #   sse-starlette
    #   starlette
    #   watchfiles
apache-tvm-ffi==0.1.9
    # via
    #   flashinfer-python
    #   quack-kernels
argon2-cffi==25.1.0
    # via jupyter-server
argon2-cffi-bindings==25.1.0
    # via argon2-cffi
arrow==1.4.0
    # via isoduration
astor==0.8.1
    # via depyf
asttokens==3.0.1
    # via stack-data
async-lru==2.3.0
    # via jupyterlab
attrs==26.1.0
    # via
    #   aiohttp
    #   jsonschema
    #   referencing
babel==2.18.0
    # via jupyterlab-server
bcrypt==5.0.0
    # via chromadb
beautifulsoup4==4.14.3
    # via nbconvert
blake3==1.0.8
    # via vllm
bleach==6.3.0
    # via nbconvert
build==1.4.2
    # via chromadb
cachetools==7.0.5
    # via vllm
cbor2==5.9.0
    # via vllm
certifi==2026.2.25
    # via
    #   httpcore
    #   httpx
    #   kubernetes
    #   requests
    #   sentry-sdk
cffi==2.0.0
    # via
    #   argon2-cffi-bindings
    #   cryptography
charset-normalizer==3.4.6
    # via requests
chromadb==1.5.5
    # via
    #   -r requirements.in
    #   langchain-chroma
click==8.3.1
    # via
    #   flashinfer-python
    #   rich-toolkit
    #   typer
    #   uvicorn
cloudpickle==3.1.2
    # via vllm
comm==0.2.3
    # via ipykernel
compressed-tensors==0.13.0
    # via vllm
contourpy==1.3.3
    # via matplotlib
cryptography==46.0.6
    # via pyjwt
cuda-bindings==12.9.4
    # via
    #   cuda-python
    #   torch
cuda-pathfinder==1.5.0
    # via cuda-bindings
cuda-python==12.9.4
    # via nvidia-cutlass-dsl-libs-base
cycler==0.12.1
    # via matplotlib
dataclasses-json==0.6.7
    # via langchain-community
datasets==4.8.4
    # via -r requirements.in
debugpy==1.8.20
    # via ipykernel
decorator==5.2.1
    # via ipython
defusedxml==0.7.1
    # via nbconvert
depyf==0.20.0
    # via vllm
dill==0.4.1
    # via
    #   datasets
    #   depyf
    #   multiprocess
diskcache==5.6.3
    # via vllm
distro==1.9.0
    # via
    #   anthropic
    #   openai
dnspython==2.8.0
    # via email-validator
docstring-parser==0.17.0
    # via anthropic
durationpy==0.10
    # via kubernetes
einops==0.8.2
    # via
    #   flashinfer-python
    #   vllm
email-validator==2.3.0
    # via
    #   fastapi
    #   pydantic
executing==2.2.1
    # via stack-data
fastapi==0.135.2
    # via
    #   model-hosting-container-standards
    #   vllm
fastapi-cli==0.0.24
    # via fastapi
fastapi-cloud-cli==0.15.1
    # via fastapi-cli
fastar==0.9.0
    # via fastapi-cloud-cli
fastjsonschema==2.21.2
    # via nbformat
filelock==3.25.2
    # via
    #   datasets
    #   huggingface-hub
    #   torch
    #   transformers
    #   vllm
flashinfer-python==0.6.6
    # via vllm
flatbuffers==25.12.19
    # via onnxruntime
fonttools==4.62.1
    # via matplotlib
fqdn==1.5.1
    # via jsonschema
frozenlist==1.8.0
    # via
    #   aiohttp
    #   aiosignal
fsspec==2026.2.0
    # via
    #   datasets
    #   huggingface-hub
    #   torch
gguf==0.18.0
    # via vllm
googleapis-common-protos==1.73.1
    # via
    #   opentelemetry-exporter-otlp-proto-grpc
    #   opentelemetry-exporter-otlp-proto-http
greenlet==3.3.2
    # via sqlalchemy
grpcio==1.78.0
    # via
    #   chromadb
    #   opentelemetry-exporter-otlp-proto-grpc
h11==0.16.0
    # via
    #   httpcore
    #   uvicorn
hf-xet==1.4.2
    # via huggingface-hub
httpcore==1.0.9
    # via httpx
httptools==0.7.1
    # via uvicorn
httpx==0.28.1
    # via
    #   anthropic
    #   chromadb
    #   datasets
    #   fastapi
    #   fastapi-cloud-cli
    #   jupyterlab
    #   langgraph-sdk
    #   langsmith
    #   mcp
    #   model-hosting-container-standards
    #   openai
httpx-sse==0.4.3
    # via
    #   langchain-community
    #   mcp
huggingface-hub==0.36.2
    # via
    #   datasets
    #   sentence-transformers
    #   tokenizers
    #   transformers
idna==3.11
    # via
    #   anyio
    #   email-validator
    #   httpx
    #   jsonschema
    #   requests
    #   yarl
ijson==3.5.0
    # via vllm
importlib-metadata==8.7.1
    # via opentelemetry-api
importlib-resources==6.5.2
    # via chromadb
interegular==0.3.3
    # via lm-format-enforcer
ipykernel==7.2.0
    # via jupyterlab
ipython==9.12.0
    # via ipykernel
ipython-pygments-lexers==1.1.1
    # via ipython
isoduration==20.11.0
    # via jsonschema
jedi==0.19.2
    # via ipython
jinja2==3.1.6
    # via
    #   fastapi
    #   jupyter-server
    #   jupyterlab
    #   jupyterlab-server
    #   nbconvert
    #   torch
jiter==0.13.0
    # via
    #   anthropic
    #   openai
jmespath==1.1.0
    # via model-hosting-container-standards
joblib==1.5.3
    # via
    #   pynndescent
    #   scikit-learn
json5==0.14.0
    # via jupyterlab-server
jsonpatch==1.33
    # via langchain-core
jsonpointer==3.1.1
    # via
    #   jsonpatch
    #   jsonschema
jsonschema==4.26.0
    # via
    #   chromadb
    #   jupyter-events
    #   jupyterlab-server
    #   mcp
    #   mistral-common
    #   nbformat
jsonschema-specifications==2025.9.1
    # via jsonschema
jupyter-client==8.8.0
    # via
    #   ipykernel
    #   jupyter-server
    #   nbclient
jupyter-core==5.9.1
    # via
    #   ipykernel
    #   jupyter-client
    #   jupyter-server
    #   jupyterlab
    #   nbclient
    #   nbconvert
    #   nbformat
jupyter-events==0.12.0
    # via jupyter-server
jupyter-lsp==2.3.1
    # via jupyterlab
jupyter-server==2.17.0
    # via
    #   jupyter-lsp
    #   jupyterlab
    #   jupyterlab-server
    #   notebook
    #   notebook-shim
jupyter-server-terminals==0.5.4
    # via jupyter-server
jupyterlab==4.5.6
    # via notebook
jupyterlab-pygments==0.3.0
    # via nbconvert
jupyterlab-server==2.28.0
    # via
    #   jupyterlab
    #   notebook
kiwisolver==1.5.0
    # via matplotlib
kubernetes==35.0.0
    # via chromadb
langchain==1.2.13
    # via -r requirements.in
langchain-chroma==1.1.0
    # via -r requirements.in
langchain-classic==1.0.3
    # via langchain-community
langchain-community==0.4.1
    # via -r requirements.in
langchain-core==1.2.23
    # via
    #   langchain
    #   langchain-chroma
    #   langchain-classic
    #   langchain-community
    #   langchain-openai
    #   langchain-text-splitters
    #   langgraph
    #   langgraph-checkpoint
    #   langgraph-prebuilt
langchain-openai==1.1.10
    # via -r requirements.in
langchain-text-splitters==1.1.1
    # via langchain-classic
langgraph==1.1.3
    # via langchain
langgraph-checkpoint==4.0.1
    # via
    #   langgraph
    #   langgraph-prebuilt
langgraph-prebuilt==1.0.8
    # via langgraph
langgraph-sdk==0.3.12
    # via langgraph
langsmith==0.7.22
    # via
    #   langchain-classic
    #   langchain-community
    #   langchain-core
lark==1.2.2
    # via
    #   rfc3987-syntax
    #   vllm
llguidance==1.3.0
    # via vllm
llvmlite==0.44.0
    # via
    #   numba
    #   pynndescent
lm-format-enforcer==0.11.3
    # via vllm
loguru==0.7.3
    # via compressed-tensors
markdown-it-py==4.0.0
    # via rich
markupsafe==3.0.3
    # via
    #   jinja2
    #   nbconvert
marshmallow==3.26.2
    # via dataclasses-json
matplotlib==3.10.8
    # via
    #   -r requirements.in
    #   seaborn
matplotlib-inline==0.2.1
    # via
    #   ipykernel
    #   ipython
mcp==1.26.0
    # via vllm
mdurl==0.1.2
    # via markdown-it-py
mistral-common==1.10.0
    # via vllm
mistune==3.2.0
    # via nbconvert
mmh3==5.2.1
    # via chromadb
model-hosting-container-standards==0.1.14
    # via vllm
mpmath==1.3.0
    # via sympy
msgspec==0.20.0
    # via vllm
multidict==6.7.1
    # via
    #   aiohttp
    #   yarl
multiprocess==0.70.19
    # via datasets
mypy-extensions==1.1.0
    # via typing-inspect
narwhals==2.19.0
    # via plotly
nbclient==0.10.4
    # via nbconvert
nbconvert==7.17.0
    # via jupyter-server
nbformat==5.10.4
    # via
    #   jupyter-server
    #   nbclient
    #   nbconvert
nest-asyncio==1.6.0
    # via ipykernel
networkx==3.6.1
    # via torch
ninja==1.13.0
    # via
    #   flashinfer-python
    #   vllm
notebook==7.5.5
    # via -r requirements.in
notebook-shim==0.2.4
    # via
    #   jupyterlab
    #   notebook
numba==0.61.2
    # via
    #   pynndescent
    #   umap-learn
    #   vllm
numpy==2.2.6
    # via
    #   chromadb
    #   contourpy
    #   datasets
    #   flashinfer-python
    #   gguf
    #   langchain-chroma
    #   langchain-community
    #   matplotlib
    #   mistral-common
    #   numba
    #   nvidia-cutlass-dsl-libs-base
    #   onnxruntime
    #   opencv-python-headless
    #   pandas
    #   scikit-learn
    #   scipy
    #   seaborn
    #   sentence-transformers
    #   torchvision
    #   transformers
    #   umap-learn
    #   vllm
    #   xgrammar
nvidia-cublas-cu12==12.8.4.1
    # via
    #   nvidia-cudnn-cu12
    #   nvidia-cusolver-cu12
    #   torch
nvidia-cuda-cupti-cu12==12.8.90
    # via torch
nvidia-cuda-nvrtc-cu12==12.8.93
    # via torch
nvidia-cuda-runtime-cu12==12.8.90
    # via torch
nvidia-cudnn-cu12==9.10.2.21
    # via torch
nvidia-cudnn-frontend==1.18.0
    # via
    #   flashinfer-python
    #   vllm
nvidia-cufft-cu12==11.3.3.83
    # via torch
nvidia-cufile-cu12==1.13.1.3
    # via torch
nvidia-curand-cu12==10.3.9.90
    # via torch
nvidia-cusolver-cu12==11.7.3.90
    # via torch
nvidia-cusparse-cu12==12.5.8.93
    # via
    #   nvidia-cusolver-cu12
    #   torch
nvidia-cusparselt-cu12==0.7.1
    # via torch
nvidia-cutlass-dsl==4.4.2
    # via
    #   flashinfer-python
    #   quack-kernels
    #   vllm
nvidia-cutlass-dsl-libs-base==4.4.2
    # via nvidia-cutlass-dsl
nvidia-ml-py==13.595.45
    # via flashinfer-python
nvidia-nccl-cu12==2.27.5
    # via torch
nvidia-nvjitlink-cu12==12.8.93
    # via
    #   nvidia-cufft-cu12
    #   nvidia-cusolver-cu12
    #   nvidia-cusparse-cu12
    #   torch
nvidia-nvshmem-cu12==3.4.5
    # via torch
nvidia-nvtx-cu12==12.8.90
    # via torch
oauthlib==3.3.1
    # via requests-oauthlib
onnxruntime==1.24.4
    # via chromadb
openai==2.24.0
    # via
    #   -r requirements.in
    #   langchain-openai
    #   vllm
openai-harmony==0.0.8
    # via vllm
opencv-python-headless==4.13.0.92
    # via
    #   mistral-common
    #   vllm
opentelemetry-api==1.40.0
    # via
    #   chromadb
    #   opentelemetry-exporter-otlp-proto-grpc
    #   opentelemetry-exporter-otlp-proto-http
    #   opentelemetry-sdk
    #   opentelemetry-semantic-conventions
    #   vllm
opentelemetry-exporter-otlp==1.40.0
    # via vllm
opentelemetry-exporter-otlp-proto-common==1.40.0
    # via
    #   opentelemetry-exporter-otlp-proto-grpc
    #   opentelemetry-exporter-otlp-proto-http
opentelemetry-exporter-otlp-proto-grpc==1.40.0
    # via
    #   chromadb
    #   opentelemetry-exporter-otlp
opentelemetry-exporter-otlp-proto-http==1.40.0
    # via opentelemetry-exporter-otlp
opentelemetry-proto==1.40.0
    # via
    #   opentelemetry-exporter-otlp-proto-common
    #   opentelemetry-exporter-otlp-proto-grpc
    #   opentelemetry-exporter-otlp-proto-http
opentelemetry-sdk==1.40.0
    # via
    #   chromadb
    #   opentelemetry-exporter-otlp-proto-grpc
    #   opentelemetry-exporter-otlp-proto-http
    #   opentelemetry-semantic-conventions-ai
    #   vllm
opentelemetry-semantic-conventions==0.61b0
    # via
    #   opentelemetry-sdk
    #   opentelemetry-semantic-conventions-ai
opentelemetry-semantic-conventions-ai==0.5.1
    # via vllm
orjson==3.11.7
    # via
    #   chromadb
    #   langgraph-sdk
    #   langsmith
ormsgpack==1.12.2
    # via langgraph-checkpoint
outlines-core==0.2.11
    # via vllm
overrides==7.7.0
    # via chromadb
packaging==26.0
    # via
    #   build
    #   datasets
    #   flashinfer-python
    #   huggingface-hub
    #   ipykernel
    #   jupyter-events
    #   jupyter-server
    #   jupyterlab
    #   jupyterlab-server
    #   langchain-core
    #   langsmith
    #   lm-format-enforcer
    #   marshmallow
    #   matplotlib
    #   nbconvert
    #   onnxruntime
    #   plotly
    #   transformers
pandas==3.0.1
    # via
    #   -r requirements.in
    #   datasets
    #   seaborn
pandocfilters==1.5.1
    # via nbconvert
parso==0.8.6
    # via jedi
partial-json-parser==0.2.1.1.post7
    # via vllm
pexpect==4.9.0
    # via ipython
pillow==12.1.1
    # via
    #   matplotlib
    #   mistral-common
    #   torchvision
    #   vllm
platformdirs==4.9.4
    # via jupyter-core
plotly==6.6.0
    # via -r requirements.in
prometheus-client==0.24.1
    # via
    #   jupyter-server
    #   prometheus-fastapi-instrumentator
    #   vllm
prometheus-fastapi-instrumentator==7.1.0
    # via vllm
prompt-toolkit==3.0.52
    # via ipython
propcache==0.4.1
    # via
    #   aiohttp
    #   yarl
protobuf==6.33.6
    # via
    #   googleapis-common-protos
    #   onnxruntime
    #   opentelemetry-proto
    #   vllm
psutil==7.2.2
    # via
    #   ipykernel
    #   vllm
ptyprocess==0.7.0
    # via
    #   pexpect
    #   terminado
pure-eval==0.2.3
    # via stack-data
py-cpuinfo==9.0.0
    # via vllm
pyarrow==23.0.1
    # via datasets
pybase64==1.4.3
    # via
    #   chromadb
    #   vllm
pycountry==26.2.16
    # via pydantic-extra-types
pycparser==3.0
    # via cffi
pydantic==2.12.5
    # via
    #   anthropic
    #   chromadb
    #   compressed-tensors
    #   fastapi
    #   fastapi-cloud-cli
    #   langchain
    #   langchain-classic
    #   langchain-core
    #   langgraph
    #   langsmith
    #   lm-format-enforcer
    #   mcp
    #   mistral-common
    #   model-hosting-container-standards
    #   openai
    #   openai-harmony
    #   pydantic-extra-types
    #   pydantic-settings
    #   vllm
    #   xgrammar
pydantic-core==2.41.5
    # via pydantic
pydantic-extra-types==2.11.1
    # via
    #   fastapi
    #   mistral-common
pydantic-settings==2.13.1
    # via
    #   chromadb
    #   fastapi
    #   langchain-community
    #   mcp
pygments==2.19.2
    # via
    #   ipython
    #   ipython-pygments-lexers
    #   nbconvert
    #   rich
pyjwt==2.12.1
    # via mcp
pynndescent==0.6.0
    # via umap-learn
pyparsing==3.3.2
    # via matplotlib
pypika==0.51.1
    # via chromadb
pyproject-hooks==1.2.0
    # via build
python-dateutil==2.9.0.post0
    # via
    #   arrow
    #   jupyter-client
    #   kubernetes
    #   matplotlib
    #   pandas
python-dotenv==1.2.2
    # via
    #   pydantic-settings
    #   uvicorn
python-json-logger==4.0.0
    # via
    #   jupyter-events
    #   vllm
python-multipart==0.0.22
    # via
    #   fastapi
    #   mcp
pyyaml==6.0.3
    # via
    #   chromadb
    #   datasets
    #   gguf
    #   huggingface-hub
    #   jupyter-events
    #   kubernetes
    #   langchain-classic
    #   langchain-community
    #   langchain-core
    #   lm-format-enforcer
    #   transformers
    #   uvicorn
    #   vllm
pyzmq==27.1.0
    # via
    #   ipykernel
    #   jupyter-client
    #   jupyter-server
    #   vllm
quack-kernels==0.3.7
    # via vllm
referencing==0.37.0
    # via
    #   jsonschema
    #   jsonschema-specifications
    #   jupyter-events
regex==2026.2.28
    # via
    #   tiktoken
    #   transformers
    #   vllm
requests==2.33.0
    # via
    #   datasets
    #   flashinfer-python
    #   gguf
    #   huggingface-hub
    #   jupyterlab-server
    #   kubernetes
    #   langchain-classic
    #   langchain-community
    #   langsmith
    #   mistral-common
    #   opentelemetry-exporter-otlp-proto-http
    #   requests-oauthlib
    #   requests-toolbelt
    #   tiktoken
    #   transformers
    #   vllm
requests-oauthlib==2.0.0
    # via kubernetes
requests-toolbelt==1.0.0
    # via langsmith
rfc3339-validator==0.1.4
    # via
    #   jsonschema
    #   jupyter-events
rfc3986-validator==0.1.1
    # via
    #   jsonschema
    #   jupyter-events
rfc3987-syntax==1.1.0
    # via jsonschema
rich==14.3.3
    # via
    #   chromadb
    #   rich-toolkit
    #   typer
rich-toolkit==0.19.7
    # via
    #   fastapi-cli
    #   fastapi-cloud-cli
rignore==0.7.6
    # via fastapi-cloud-cli
rpds-py==0.30.0
    # via
    #   jsonschema
    #   referencing
safetensors==0.7.0
    # via transformers
scikit-learn==1.8.0
    # via
    #   -r requirements.in
    #   pynndescent
    #   sentence-transformers
    #   umap-learn
scipy==1.17.1
    # via
    #   pynndescent
    #   scikit-learn
    #   sentence-transformers
    #   umap-learn
seaborn==0.13.2
    # via -r requirements.in
send2trash==2.1.0
    # via jupyter-server
sentence-transformers==5.3.0
    # via -r requirements.in
sentencepiece==0.2.1
    # via vllm
sentry-sdk==2.56.0
    # via fastapi-cloud-cli
setproctitle==1.3.7
    # via vllm
setuptools==80.10.2
    # via
    #   jupyterlab
    #   model-hosting-container-standards
    #   torch
    #   vllm
shellingham==1.5.4
    # via typer
six==1.17.0
    # via
    #   kubernetes
    #   python-dateutil
    #   rfc3339-validator
    #   vllm
sniffio==1.3.1
    # via
    #   anthropic
    #   openai
soupsieve==2.8.3
    # via beautifulsoup4
sqlalchemy==2.0.48
    # via
    #   langchain-classic
    #   langchain-community
sse-starlette==3.3.3
    # via mcp
stack-data==0.6.3
    # via ipython
starlette==0.52.1
    # via
    #   fastapi
    #   mcp
    #   model-hosting-container-standards
    #   prometheus-fastapi-instrumentator
    #   sse-starlette
supervisor==4.3.0
    # via model-hosting-container-standards
sympy==1.14.0
    # via
    #   onnxruntime
    #   torch
tabulate==0.10.0
    # via flashinfer-python
tenacity==9.1.4
    # via
    #   chromadb
    #   langchain-community
    #   langchain-core
terminado==0.18.1
    # via
    #   jupyter-server
    #   jupyter-server-terminals
threadpoolctl==3.6.0
    # via scikit-learn
tiktoken==0.12.0
    # via
    #   langchain-openai
    #   mistral-common
    #   vllm
tinycss2==1.4.0
    # via bleach
tokenizers==0.22.2
    # via
    #   chromadb
    #   transformers
    #   vllm
torch==2.10.0
    # via
    #   compressed-tensors
    #   flashinfer-python
    #   quack-kernels
    #   sentence-transformers
    #   torch-c-dlpack-ext
    #   torchaudio
    #   torchvision
    #   vllm
    #   xgrammar
torch-c-dlpack-ext==0.1.5
    # via quack-kernels
torchaudio==2.10.0
    # via vllm
torchvision==0.25.0
    # via vllm
tornado==6.5.5
    # via
    #   ipykernel
    #   jupyter-client
    #   jupyter-server
    #   jupyterlab
    #   notebook
    #   terminado
tqdm==4.67.3
    # via
    #   chromadb
    #   datasets
    #   flashinfer-python
    #   gguf
    #   huggingface-hub
    #   openai
    #   sentence-transformers
    #   transformers
    #   umap-learn
    #   vllm
traitlets==5.14.3
    # via
    #   ipykernel
    #   ipython
    #   jupyter-client
    #   jupyter-core
    #   jupyter-events
    #   jupyter-server
    #   jupyterlab
    #   matplotlib-inline
    #   nbclient
    #   nbconvert
    #   nbformat
transformers==4.57.6
    # via
    #   compressed-tensors
    #   sentence-transformers
    #   vllm
    #   xgrammar
triton==3.6.0
    # via
    #   torch
    #   xgrammar
typer==0.24.1
    # via
    #   chromadb
    #   fastapi-cli
    #   fastapi-cloud-cli
typing-extensions==4.15.0
    # via
    #   aiosignal
    #   anthropic
    #   anyio
    #   apache-tvm-ffi
    #   beautifulsoup4
    #   chromadb
    #   fastapi
    #   grpcio
    #   huggingface-hub
    #   langchain-core
    #   mcp
    #   mistral-common
    #   nvidia-cutlass-dsl-libs-base
    #   openai
    #   opentelemetry-api
    #   opentelemetry-exporter-otlp-proto-grpc
    #   opentelemetry-exporter-otlp-proto-http
    #   opentelemetry-sdk
    #   opentelemetry-semantic-conventions
    #   pydantic
    #   pydantic-core
    #   pydantic-extra-types
    #   referencing
    #   rich-toolkit
    #   sentence-transformers
    #   sqlalchemy
    #   starlette
    #   torch
    #   typing-inspect
    #   typing-inspection
    #   vllm
    #   xgrammar
typing-inspect==0.9.0
    # via dataclasses-json
typing-inspection==0.4.2
    # via
    #   fastapi
    #   mcp
    #   pydantic
    #   pydantic-settings
tzdata==2026.1
    # via arrow
umap-learn==0.5.11
    # via -r requirements.in
uri-template==1.3.0
    # via jsonschema
urllib3==2.6.3
    # via
    #   kubernetes
    #   requests
    #   sentry-sdk
uuid-utils==0.14.1
    # via
    #   langchain-core
    #   langsmith
uvicorn==0.42.0
    # via
    #   chromadb
    #   fastapi
    #   fastapi-cli
    #   fastapi-cloud-cli
    #   mcp
uvloop==0.22.1
    # via uvicorn
vllm==0.18.0
    # via -r requirements.in
watchfiles==1.1.1
    # via
    #   uvicorn
    #   vllm
wcwidth==0.6.0
    # via prompt-toolkit
webcolors==25.10.0
    # via jsonschema
webencodings==0.5.1
    # via
    #   bleach
    #   tinycss2
websocket-client==1.9.0
    # via
    #   jupyter-server
    #   kubernetes
websockets==16.0
    # via uvicorn
xgrammar==0.1.33
    # via vllm
xxhash==3.6.0
    # via
    #   datasets
    #   langgraph
    #   langsmith
yarl==1.23.0
    # via aiohttp
zipp==3.23.0
    # via importlib-metadata
zstandard==0.25.0
    # via langsmith
